// !$*UTF8*$!
{
	archiveVersion = 1;
	classes = {
	};
	objectVersion = 46;
	objects = {

/* Begin PBXBuildFile section */
		CDFBD4841A5A45AD00B6CB58 /* AppDelegate.swift in Sources */ = {isa = PBXBuildFile; fileRef = CDFBD4831A5A45AD00B6CB58 /* AppDelegate.swift */; };
		CDFBD4861A5A45AD00B6CB58 /* FirstViewController.swift in Sources */ = {isa = PBXBuildFile; fileRef = CDFBD4851A5A45AD00B6CB58 /* FirstViewController.swift */; };
		CDFBD4881A5A45AD00B6CB58 /* SecondViewController.swift in Sources */ = {isa = PBXBuildFile; fileRef = CDFBD4871A5A45AD00B6CB58 /* SecondViewController.swift */; };
		CDFBD48B1A5A45AD00B6CB58 /* Main.storyboard in Resources */ = {isa = PBXBuildFile; fileRef = CDFBD4891A5A45AD00B6CB58 /* Main.storyboard */; };
		CDFBD48D1A5A45AD00B6CB58 /* Images.xcassets in Resources */ = {isa = PBXBuildFile; fileRef = CDFBD48C1A5A45AD00B6CB58 /* Images.xcassets */; };
		CDFBD4901A5A45AD00B6CB58 /* LaunchScreen.xib in Resources */ = {isa = PBXBuildFile; fileRef = CDFBD48E1A5A45AD00B6CB58 /* LaunchScreen.xib */; };
		CDFBD49C1A5A45AD00B6CB58 /* BadToDoListTests.swift in Sources */ = {isa = PBXBuildFile; fileRef = CDFBD49B1A5A45AD00B6CB58 /* BadToDoListTests.swift */; };
/* End PBXBuildFile section */

/* Begin PBXContainerItemProxy section */
		CDFBD4961A5A45AD00B6CB58 /* PBXContainerItemProxy */ = {
			isa = PBXContainerItemProxy;
			containerPortal = CDFBD4761A5A45AD00B6CB58 /* Project object */;
			proxyType = 1;
			remoteGlobalIDString = CDFBD47D1A5A45AD00B6CB58;
			remoteInfo = BadToDoList;
		};
/* End PBXContainerItemProxy section */

/* Begin PBXFileReference section */
		CDFBD47E1A5A45AD00B6CB58 /* BadToDoList.app */ = {isa = PBXFileReference; explicitFileType = wrapper.application; includeInIndex = 0; path = BadToDoList.app; sourceTree = BUILT_PRODUCTS_DIR; };
		CDFBD4821A5A45AD00B6CB58 /* Info.plist */ = {isa = PBXFileReference; lastKnownFileType = text.plist.xml; path = Info.plist; sourceTree = "<group>"; };
		CDFBD4831A5A45AD00B6CB58 /* AppDelegate.swift */ = {isa = PBXFileReference; lastKnownFileType = sourcecode.swift; path = AppDelegate.swift; sourceTree = "<group>"; };
		CDFBD4851A5A45AD00B6CB58 /* FirstViewController.swift */ = {isa = PBXFileReference; lastKnownFileType = sourcecode.swift; path = FirstViewController.swift; sourceTree = "<group>"; };
		CDFBD4871A5A45AD00B6CB58 /* SecondViewController.swift */ = {isa = PBXFileReference; lastKnownFileType = sourcecode.swift; path = SecondViewController.swift; sourceTree = "<group>"; };
		CDFBD48A1A5A45AD00B6CB58 /* Base */ = {isa = PBXFileReference; lastKnownFileType = file.storyboard; name = Base; path = Base.lproj/Main.storyboard; sourceTree = "<group>"; };
		CDFBD48C1A5A45AD00B6CB58 /* Images.xcassets */ = {isa = PBXFileReference; lastKnownFileType = folder.assetcatalog; path = Images.xcassets; sourceTree = "<group>"; };
		CDFBD48F1A5A45AD00B6CB58 /* Base */ = {isa = PBXFileReference; lastKnownFileType = file.xib; name = Base; path = Base.lproj/LaunchScreen.xib; sourceTree = "<group>"; };
		CDFBD4951A5A45AD00B6CB58 /* BadToDoListTests.xctest */ = {isa = PBXFileReference; explicitFileType = wrapper.cfbundle; includeInIndex = 0; path = BadToDoListTests.xctest; sourceTree = BUILT_PRODUCTS_DIR; };
		CDFBD49A1A5A45AD00B6CB58 /* Info.plist */ = {isa = PBXFileReference; lastKnownFileType = text.plist.xml; path = Info.plist; sourceTree = "<group>"; };
		CDFBD49B1A5A45AD00B6CB58 /* BadToDoListTests.swift */ = {isa = PBXFileReference; lastKnownFileType = sourcecode.swift; path = BadToDoListTests.swift; sourceTree = "<group>"; };
/* End PBXFileReference section */

/* Begin PBXFrameworksBuildPhase section */
		CDFBD47B1A5A45AD00B6CB58 /* Frameworks */ = {
			isa = PBXFrameworksBuildPhase;
			buildActionMask = 2147483647;
			files = (
			);
			runOnlyForDeploymentPostprocessing = 0;
		};
		CDFBD4921A5A45AD00B6CB58 /* Frameworks */ = {
			isa = PBXFrameworksBuildPhase;
			buildActionMask = 2147483647;
			files = (
			);
			runOnlyForDeploymentPostprocessing = 0;
		};
/* End PBXFrameworksBuildPhase section */

/* Begin PBXGroup section */
		CDFBD4751A5A45AD00B6CB58 = {
			isa = PBXGroup;
			children = (
				CDFBD4801A5A45AD00B6CB58 /* BadToDoList */,
				CDFBD4981A5A45AD00B6CB58 /* BadToDoListTests */,
				CDFBD47F1A5A45AD00B6CB58 /* Products */,
			);
			sourceTree = "<group>";
		};
		CDFBD47F1A5A45AD00B6CB58 /* Products */ = {
			isa = PBXGroup;
			children = (
				CDFBD47E1A5A45AD00B6CB58 /* BadToDoList.app */,
				CDFBD4951A5A45AD00B6CB58 /* BadToDoListTests.xctest */,
			);
			name = Products;
			sourceTree = "<group>";
		};
		CDFBD4801A5A45AD00B6CB58 /* BadToDoList */ = {
			isa = PBXGroup;
			children = (
				CDFBD4831A5A45AD00B6CB58 /* AppDelegate.swift */,
				CDFBD4851A5A45AD00B6CB58 /* FirstViewController.swift */,
				CDFBD4871A5A45AD00B6CB58 /* SecondViewController.swift */,
				CDFBD4891A5A45AD00B6CB58 /* Main.storyboard */,
				CDFBD48C1A5A45AD00B6CB58 /* Images.xcassets */,
				CDFBD48E1A5A45AD00B6CB58 /* LaunchScreen.xib */,
				CDFBD4811A5A45AD00B6CB58 /* Supporting Files */,
			);
			path = BadToDoList;
			sourceTree = "<group>";
		};
		CDFBD4811A5A45AD00B6CB58 /* Supporting Files */ = {
			isa = PBXGroup;
			children = (
				CDFBD4821A5A45AD00B6CB58 /* Info.plist */,
			);
			name = "Supporting Files";
			sourceTree = "<group>";
		};
		CDFBD4981A5A45AD00B6CB58 /* BadToDoListTests */ = {
			isa = PBXGroup;
			children = (
				CDFBD49B1A5A45AD00B6CB58 /* BadToDoListTests.swift */,
				CDFBD4991A5A45AD00B6CB58 /* Supporting Files */,
			);
			path = BadToDoListTests;
			sourceTree = "<group>";
		};
		CDFBD4991A5A45AD00B6CB58 /* Supporting Files */ = {
			isa = PBXGroup;
			children = (
				CDFBD49A1A5A45AD00B6CB58 /* Info.plist */,
			);
			name = "Supporting Files";
			sourceTree = "<group>";
		};
/* End PBXGroup section */

/* Begin PBXNativeTarget section */
		CDFBD47D1A5A45AD00B6CB58 /* BadToDoList */ = {
			isa = PBXNativeTarget;
			buildConfigurationList = CDFBD49F1A5A45AD00B6CB58 /* Build configuration list for PBXNativeTarget "BadToDoList" */;
			buildPhases = (
				CDFBD47A1A5A45AD00B6CB58 /* Sources */,
				CDFBD47B1A5A45AD00B6CB58 /* Frameworks */,
				CDFBD47C1A5A45AD00B6CB58 /* Resources */,
			);
			buildRules = (
			);
			dependencies = (
			);
			name = BadToDoList;
			productName = BadToDoList;
			productReference = CDFBD47E1A5A45AD00B6CB58 /* BadToDoList.app */;
			productType = "com.apple.product-type.application";
		};
		CDFBD4941A5A45AD00B6CB58 /* BadToDoListTests */ = {
			isa = PBXNativeTarget;
			buildConfigurationList = CDFBD4A21A5A45AD00B6CB58 /* Build configuration list for PBXNativeTarget "BadToDoListTests" */;
			buildPhases = (
				CDFBD4911A5A45AD00B6CB58 /* Sources */,
				CDFBD4921A5A45AD00B6CB58 /* Frameworks */,
				CDFBD4931A5A45AD00B6CB58 /* Resources */,
			);
			buildRules = (
			);
			dependencies = (
				CDFBD4971A5A45AD00B6CB58 /* PBXTargetDependency */,
			);
			name = BadToDoListTests;
			productName = BadToDoListTests;
			productReference = CDFBD4951A5A45AD00B6CB58 /* BadToDoListTests.xctest */;
			productType = "com.apple.product-type.bundle.unit-test";
		};
/* End PBXNativeTarget section */

/* Begin PBXProject section */
		CDFBD4761A5A45AD00B6CB58 /* Project object */ = {
			isa = PBXProject;
			attributes = {
				LastUpgradeCheck = 0610;
				ORGANIZATIONNAME = "Mo Design";
				TargetAttributes = {
					CDFBD47D1A5A45AD00B6CB58 = {
						CreatedOnToolsVersion = 6.1.1;
					};
					CDFBD4941A5A45AD00B6CB58 = {
						CreatedOnToolsVersion = 6.1.1;
						TestTargetID = CDFBD47D1A5A45AD00B6CB58;
					};
				};
			};
			buildConfigurationList = CDFBD4791A5A45AD00B6CB58 /* Build configuration list for PBXProject "BadToDoList" */;
			compatibilityVersion = "Xcode 3.2";
			developmentRegion = English;
			hasScannedForEncodings = 0;
			knownRegions = (
				en,
				Base,
			);
			mainGroup = CDFBD4751A5A45AD00B6CB58;
			productRefGroup = CDFBD47F1A5A45AD00B6CB58 /* Products */;
			projectDirPath = "";
			projectRoot = "";
			targets = (
				CDFBD47D1A5A45AD00B6CB58 /* BadToDoList */,
				CDFBD4941A5A45AD00B6CB58 /* BadToDoListTests */,
			);
		};
/* End PBXProject section */

/* Begin PBXResourcesBuildPhase section */
		CDFBD47C1A5A45AD00B6CB58 /* Resources */ = {
			isa = PBXResourcesBuildPhase;
			buildActionMask = 2147483647;
			files = (
				CDFBD48B1A5A45AD00B6CB58 /* Main.storyboard in Resources */,
				CDFBD4901A5A45AD00B6CB58 /* LaunchScreen.xib in Resources */,
				CDFBD48D1A5A45AD00B6CB58 /* Images.xcassets in Resources */,
			);
			runOnlyForDeploymentPostprocessing = 0;
		};
		CDFBD4931A5A45AD00B6CB58 /* Resources */ = {
			isa = PBXResourcesBuildPhase;
			buildActionMask = 2147483647;
			files = (
			);
			runOnlyForDeploymentPostprocessing = 0;
		};
/* End PBXResourcesBuildPhase section */

/* Begin PBXSourcesBuildPhase section */
		CDFBD47A1A5A45AD00B6CB58 /* Sources */ = {
			isa = PBXSourcesBuildPhase;
			buildActionMask = 2147483647;
			files = (
				CDFBD4881A5A45AD00B6CB58 /* SecondViewController.swift in Sources */,
				CDFBD4841A5A45AD00B6CB58 /* AppDelegate.swift in Sources */,
				CDFBD4861A5A45AD00B6CB58 /* FirstViewController.swift in Sources */,
			);
			runOnlyForDeploymentPostprocessing = 0;
		};
		CDFBD4911A5A45AD00B6CB58 /* Sources */ = {
			isa = PBXSourcesBuildPhase;
			buildActionMask = 2147483647;
			files = (
				CDFBD49C1A5A45AD00B6CB58 /* BadToDoListTests.swift in Sources */,
			);
			runOnlyForDeploymentPostprocessing = 0;
		};
/* End PBXSourcesBuildPhase section */

/* Begin PBXTargetDependency section */
		CDFBD4971A5A45AD00B6CB58 /* PBXTargetDependency */ = {
			isa = PBXTargetDependency;
			target = CDFBD47D1A5A45AD00B6CB58 /* BadToDoList */;
			targetProxy = CDFBD4961A5A45AD00B6CB58 /* PBXContainerItemProxy */;
		};
/* End PBXTargetDependency section */

/* Begin PBXVariantGroup section */
		CDFBD4891A5A45AD00B6CB58 /* Main.storyboard */ = {
			isa = PBXVariantGroup;
			children = (
				CDFBD48A1A5A45AD00B6CB58 /* Base */,
			);
			name = Main.storyboard;
			sourceTree = "<group>";
		};
		CDFBD48E1A5A45AD00B6CB58 /* LaunchScreen.xib */ = {
			isa = PBXVariantGroup;
			children = (
				CDFBD48F1A5A45AD00B6CB58 /* Base */,
			);
			name = LaunchScreen.xib;
			sourceTree = "<group>";
		};
/* End PBXVariantGroup section */

/* Begin XCBuildConfiguration section */
		CDFBD49D1A5A45AD00B6CB58 /* Debug */ = {
			isa = XCBuildConfiguration;
			buildSettings = {
				ALWAYS_SEARCH_USER_PATHS = NO;
				CLANG_CXX_LANGUAGE_STANDARD = "gnu++0x";
				CLANG_CXX_LIBRARY = "libc++";
				CLANG_ENABLE_MODULES = YES;
				CLANG_ENABLE_OBJC_ARC = YES;
				CLANG_WARN_BOOL_CONVERSION = YES;
				CLANG_WARN_CONSTANT_CONVERSION = YES;
				CLANG_WARN_DIRECT_OBJC_ISA_USAGE = YES_ERROR;
				CLANG_WARN_EMPTY_BODY = YES;
				CLANG_WARN_ENUM_CONVERSION = YES;
				CLANG_WARN_INT_CONVERSION = YES;
				CLANG_WARN_OBJC_ROOT_CLASS = YES_ERROR;
				CLANG_WARN_UNREACHABLE_CODE = YES;
				CLANG_WARN__DUPLICATE_METHOD_MATCH = YES;
				"CODE_SIGN_IDENTITY[sdk=iphoneos*]" = "iPhone Developer";
				COPY_PHASE_STRIP = NO;
				ENABLE_STRICT_OBJC_MSGSEND = YES;
				GCC_C_LANGUAGE_STANDARD = gnu99;
				GCC_DYNAMIC_NO_PIC = NO;
				GCC_OPTIMIZATION_LEVEL = 0;
				GCC_PREPROCESSOR_DEFINITIONS = (
					"DEBUG=1",
					"$(inherited)",
				);
				GCC_SYMBOLS_PRIVATE_EXTERN = NO;
				GCC_WARN_64_TO_32_BIT_CONVERSION = YES;
				GCC_WARN_ABOUT_RETURN_TYPE = YES_ERROR;
				GCC_WARN_UNDECLARED_SELECTOR = YES;
				GCC_WARN_UNINITIALIZED_AUTOS = YES_AGGRESSIVE;
				GCC_WARN_UNUSED_FUNCTION = YES;
				GCC_WARN_UNUSED_VARIABLE = YES;
				IPHONEOS_DEPLOYMENT_TARGET = 8.1;
				MTL_ENABLE_DEBUG_INFO = YES;
				ONLY_ACTIVE_ARCH = YES;
				SDKROOT = iphoneos;
				SWIFT_OPTIMIZATION_LEVEL = "-Onone";
				TARGETED_DEVICE_FAMILY = "1,2";
			};
			name = Debug;
		};
		CDFBD49E1A5A45AD00B6CB58 /* Release */ = {
			isa = XCBuildConfiguration;
			buildSettings = {
				ALWAYS_SEARCH_USER_PATHS = NO;
				CLANG_CXX_LANGUAGE_STANDARD = "gnu++0x";
				CLANG_CXX_LIBRARY = "libc++";
				CLANG_ENABLE_MODULES = YES;
				CLANG_ENABLE_OBJC_ARC = YES;
				CLANG_WARN_BOOL_CONVERSION = YES;
				CLANG_WARN_CONSTANT_CONVERSION = YES;
				CLANG_WARN_DIRECT_OBJC_ISA_USAGE = YES_ERROR;
				CLANG_WARN_EMPTY_BODY = YES;
				CLANG_WARN_ENUM_CONVERSION = YES;
				CLANG_WARN_INT_CONVERSION = YES;
				CLANG_WARN_OBJC_ROOT_CLASS = YES_ERROR;
				CLANG_WARN_UNREACHABLE_CODE = YES;
				CLANG_WARN__DUPLICATE_METHOD_MATCH = YES;
				"CODE_SIGN_IDENTITY[sdk=iphoneos*]" = "iPhone Developer";
				COPY_PHASE_STRIP = YES;
				ENABLE_NS_ASSERTIONS = NO;
				ENABLE_STRICT_OBJC_MSGSEND = YES;
				GCC_C_LANGUAGE_STANDARD = gnu99;
				GCC_WARN_64_TO_32_BIT_CONVERSION = YES;
				GCC_WARN_ABOUT_RETURN_TYPE = YES_ERROR;
				GCC_WARN_UNDECLARED_SELECTOR = YES;
				GCC_WARN_UNINITIALIZED_AUTOS = YES_AGGRESSIVE;
				GCC_WARN_UNUSED_FUNCTION = YES;
				GCC_WARN_UNUSED_VARIABLE = YES;
				IPHONEOS_DEPLOYMENT_TARGET = 8.1;
				MTL_ENABLE_DEBUG_INFO = NO;
				SDKROOT = iphoneos;
				TARGETED_DEVICE_FAMILY = "1,2";
				VALIDATE_PRODUCT = YES;
			};
			name = Release;
		};
		CDFBD4A01A5A45AD00B6CB58 /* Debug */ = {
			isa = XCBuildConfiguration;
			buildSettings = {
				ASSETCATALOG_COMPILER_APPICON_NAME = AppIcon;
				INFOPLIST_FILE = BadToDoList/Info.plist;
				LD_RUNPATH_SEARCH_PATHS = "$(inherited) @executable_path/Frameworks";
				PRODUCT_NAME = "$(TARGET_NAME)";
			};
			name = Debug;
		};
		CDFBD4A11A5A45AD00B6CB58 /* Release */ = {
			isa = XCBuildConfiguration;
			buildSettings = {
				ASSETCATALOG_COMPILER_APPICON_NAME = AppIcon;
				INFOPLIST_FILE = BadToDoList/Info.plist;
				LD_RUNPATH_SEARCH_PATHS = "$(inherited) @executable_path/Frameworks";
				PRODUCT_NAME = "$(TARGET_NAME)";
			};
			name = Release;
		};
		CDFBD4A31A5A45AD00B6CB58 /* Debug */ = {
			isa = XCBuildConfiguration;
			buildSettings = {
				BUNDLE_LOADER = "$(TEST_HOST)";
				FRAMEWORK_SEARCH_PATHS = (
					"$(SDKROOT)/Developer/Library/Frameworks",
					"$(inherited)",
				);
				GCC_PREPROCESSOR_DEFINITIONS = (
					"DEBUG=1",
					"$(inherited)",
				);
				INFOPLIST_FILE = BadToDoListTests/Info.plist;
				LD_RUNPATH_SEARCH_PATHS = "$(inherited) @executable_path/Frameworks @loader_path/Frameworks";
				PRODUCT_NAME = "$(TARGET_NAME)";
				TEST_HOST = "$(BUILT_PRODUCTS_DIR)/BadToDoList.app/BadToDoList";
			};
			name = Debug;
		};
		CDFBD4A41A5A45AD00B6CB58 /* Release */ = {
			isa = XCBuildConfiguration;
			buildSettings = {
				BUNDLE_LOADER = "$(TEST_HOST)";
				FRAMEWORK_SEARCH_PATHS = (
					"$(SDKROOT)/Developer/Library/Frameworks",
					"$(inherited)",
				);
				INFOPLIST_FILE = BadToDoListTests/Info.plist;
				LD_RUNPATH_SEARCH_PATHS = "$(inherited) @executable_path/Frameworks @loader_path/Frameworks";
				PRODUCT_NAME = "$(TARGET_NAME)";
				TEST_HOST = "$(BUILT_PRODUCTS_DIR)/BadToDoList.app/BadToDoList";
			};
			name = Release;
		};
/* End XCBuildConfiguration section */

/* Begin XCConfigurationList section */
		CDFBD4791A5A45AD00B6CB58 /* Build configuration list for PBXProject "BadToDoList" */ = {
			isa = XCConfigurationList;
			buildConfigurations = (
				CDFBD49D1A5A45AD00B6CB58 /* Debug */,
				CDFBD49E1A5A45AD00B6CB58 /* Release */,
			);
			defaultConfigurationIsVisible = 0;
			defaultConfigurationName = Release;
		};
		CDFBD49F1A5A45AD00B6CB58 /* Build configuration list for PBXNativeTarget "BadToDoList" */ = {
			isa = XCConfigurationList;
			buildConfigurations = (
				CDFBD4A01A5A45AD00B6CB58 /* Debug */,
				CDFBD4A11A5A45AD00B6CB58 /* Release */,
			);
			defaultConfigurationIsVisible = 0;
		};
		CDFBD4A21A5A45AD00B6CB58 /* Build configuration list for PBXNativeTarget "BadToDoListTests" */ = {
			isa = XCConfigurationList;
			buildConfigurations = (
				CDFBD4A31A5A45AD00B6CB58 /* Debug */,
				CDFBD4A41A5A45AD00B6CB58 /* Release */,
			);
			defaultConfigurationIsVisible = 0;
		};
/* End XCConfigurationList section */
	};
	rootObject = CDFBD4761A5A45AD00B6CB58 /* Project object */;
}
